
Microsoft Visual Studio Solution File, Format Version 12.00
# Visual Studio 15
VisualStudioVersion = 15.0.28010.2046
MinimumVisualStudioVersion = 10.0.40219.1
Project("{9A19103F-16F7-4668-BE54-9A1E7A4F7556}") = "CustomerQueryApp", "CustomerQueryApp\CustomerQueryApp.csproj", "{5C98EDC2-6478-476D-A8E4-3C3A1868FD9C}"
EndProject
Project("{9A19103F-16F7-4668-BE54-9A1E7A4F7556}") = "CustomerQueryServices", "CustomerQueryServices\CustomerQueryServices.csproj", "{7AEC1BCB-1D62-4462-A3BA-E8F9280E7853}"
EndProject
Project("{9A19103F-16F7-4668-BE54-9A1E7A4F7556}") = "CustomerQueryData", "CustomerQueryData\CustomerQueryData.csproj", "{48B1CFD2-B2BF-4714-A414-8B1196BE2950}"
EndProject
Project("{9A19103F-16F7-4668-BE54-9A1E7A4F7556}") = "CustomerQueryClient", "CustomerQueryClient\CustomerQueryClient.csproj", "{C2A440EF-7AD5-410F-BF82-64E86E7FAA4E}"
EndProject
Project("{FAE04EC0-301F-11D3-BF4B-00C04F79EFBC}") = "CustomerQueryWebAPI", "CustomerQueryWebAPI\CustomerQueryWebAPI.csproj", "{86194254-9E44-41E0-875B-981D1654A12B}"
EndProject
Global
	GlobalSection(SolutionConfigurationPlatforms) = preSolution
		Debug|Any CPU = Debug|Any CPU
		Release|Any CPU = Release|Any CPU
	EndGlobalSection
	GlobalSection(ProjectConfigurationPlatforms) = postSolution
		{5C98EDC2-6478-476D-A8E4-3C3A1868FD9C}.Debug|Any CPU.ActiveCfg = Debug|Any CPU
		{5C98EDC2-6478-476D-A8E4-3C3A1868FD9C}.Debug|Any CPU.Build.0 = Debug|Any CPU
		{5C98EDC2-6478-476D-A8E4-3C3A1868FD9C}.Release|Any CPU.ActiveCfg = Release|Any CPU
		{5C98EDC2-6478-476D-A8E4-3C3A1868FD9C}.Release|Any CPU.Build.0 = Release|Any CPU
		{7AEC1BCB-1D62-4462-A3BA-E8F9280E7853}.Debug|Any CPU.ActiveCfg = Debug|Any CPU
		{7AEC1BCB-1D62-4462-A3BA-E8F9280E7853}.Debug|Any CPU.Build.0 = Debug|Any CPU
		{7AEC1BCB-1D62-4462-A3BA-E8F9280E7853}.Release|Any CPU.ActiveCfg = Release|Any CPU
		{7AEC1BCB-1D62-4462-A3BA-E8F9280E7853}.Release|Any CPU.Build.0 = Release|Any CPU
		{48B1CFD2-B2BF-4714-A414-8B1196BE2950}.Debug|Any CPU.ActiveCfg = Debug|Any CPU
		{48B1CFD2-B2BF-4714-A414-8B1196BE2950}.Debug|Any CPU.Build.0 = Debug|Any CPU
		{48B1CFD2-B2BF-4714-A414-8B1196BE2950}.Release|Any CPU.ActiveCfg = Release|Any CPU
		{48B1CFD2-B2BF-4714-A414-8B1196BE2950}.Release|Any CPU.Build.0 = Release|Any CPU
		{C2A440EF-7AD5-410F-BF82-64E86E7FAA4E}.Debug|Any CPU.ActiveCfg = Debug|Any CPU
		{C2A440EF-7AD5-410F-BF82-64E86E7FAA4E}.Release|Any CPU.ActiveCfg = Release|Any CPU
		{C2A440EF-7AD5-410F-BF82-64E86E7FAA4E}.Release|Any CPU.Build.0 = Release|Any CPU
		{86194254-9E44-41E0-875B-981D1654A12B}.Debug|Any CPU.ActiveCfg = Debug|Any CPU
		{86194254-9E44-41E0-875B-981D1654A12B}.Debug|Any CPU.Build.0 = Debug|Any CPU
		{86194254-9E44-41E0-875B-981D1654A12B}.Release|Any CPU.ActiveCfg = Release|Any CPU
		{86194254-9E44-41E0-875B-981D1654A12B}.Release|Any CPU.Build.0 = Release|Any CPU
	EndGlobalSection
	GlobalSection(SolutionProperties) = preSolution
		HideSolutionNode = FALSE
	EndGlobalSection
	GlobalSection(ExtensibilityGlobals) = postSolution
		SolutionGuid = {4474D64B-AB5D-4514-AC89-17B07E09F248}
	EndGlobalSection
EndGlobal
